
Microsoft Visual Studio Solution File, Format Version 12.00
# Visual Studio 15
Project("{FAE04EC0-301F-11D3-BF4B-00C04F79EFBC}") = "Assembly-CSharp", "Assembly-CSharp.csproj", "{98235692-9BC5-C1F5-01E9-86A88EC85B2F}"
EndProject
Project("{FAE04EC0-301F-11D3-BF4B-00C04F79EFBC}") = "Assembly-CSharp-Editor", "Assembly-CSharp-Editor.csproj", "{46851E69-FB34-A6B2-805C-E0CBB75D320C}"
EndProject
Global
	GlobalSection(SolutionConfigurationPlatforms) = preSolution
		Debug|Any CPU = Debug|Any CPU
		Release|Any CPU = Release|Any CPU
	EndGlobalSection
	GlobalSection(ProjectConfigurationPlatforms) = postSolution
		{98235692-9BC5-C1F5-01E9-86A88EC85B2F}.Debug|Any CPU.ActiveCfg = Debug|Any CPU
		{98235692-9BC5-C1F5-01E9-86A88EC85B2F}.Debug|Any CPU.Build.0 = Debug|Any CPU
		{98235692-9BC5-C1F5-01E9-86A88EC85B2F}.Release|Any CPU.ActiveCfg = Release|Any CPU
		{98235692-9BC5-C1F5-01E9-86A88EC85B2F}.Release|Any CPU.Build.0 = Release|Any CPU
		{46851E69-FB34-A6B2-805C-E0CBB75D320C}.Debug|Any CPU.ActiveCfg = Debug|Any CPU
		{46851E69-FB34-A6B2-805C-E0CBB75D320C}.Debug|Any CPU.Build.0 = Debug|Any CPU
		{46851E69-FB34-A6B2-805C-E0CBB75D320C}.Release|Any CPU.ActiveCfg = Release|Any CPU
		{46851E69-FB34-A6B2-805C-E0CBB75D320C}.Release|Any CPU.Build.0 = Release|Any CPU
	EndGlobalSection
	GlobalSection(SolutionProperties) = preSolution
		HideSolutionNode = FALSE
	EndGlobalSection
EndGlobal
